
Microsoft Visual Studio Solution File, Format Version 12.00
# Visual Studio Version 16
VisualStudioVersion = 16.0.29215.179
MinimumVisualStudioVersion = 10.0.40219.1
Project("{FAE04EC0-301F-11D3-BF4B-00C04F79EFBC}") = "program 1 algoritmer", "program 1 algoritmer\program 1 algoritmer.csproj", "{14C67AEA-071B-4A46-AB01-5DBEBE508F1A}"
EndProject
Global
	GlobalSection(SolutionConfigurationPlatforms) = preSolution
		Debug|Any CPU = Debug|Any CPU
		Release|Any CPU = Release|Any CPU
	EndGlobalSection
	GlobalSection(ProjectConfigurationPlatforms) = postSolution
		{14C67AEA-071B-4A46-AB01-5DBEBE508F1A}.Debug|Any CPU.ActiveCfg = Debug|Any CPU
		{14C67AEA-071B-4A46-AB01-5DBEBE508F1A}.Debug|Any CPU.Build.0 = Debug|Any CPU
		{14C67AEA-071B-4A46-AB01-5DBEBE508F1A}.Release|Any CPU.ActiveCfg = Release|Any CPU
		{14C67AEA-071B-4A46-AB01-5DBEBE508F1A}.Release|Any CPU.Build.0 = Release|Any CPU
	EndGlobalSection
	GlobalSection(SolutionProperties) = preSolution
		HideSolutionNode = FALSE
	EndGlobalSection
	GlobalSection(ExtensibilityGlobals) = postSolution
		SolutionGuid = {56D88AC5-BCA8-4D53-B75C-AAA6BFC71BA7}
	EndGlobalSection
EndGlobal
